// !$*UTF8*$!
{
	archiveVersion = 1;
	classes = {
	};
	objectVersion = 46;
	objects = {

/* Begin PBXBuildFile section */
		279B0ED31B8AB803009F7B63 /* AppDelegate.swift in Sources */ = {isa = PBXBuildFile; fileRef = 279B0ED21B8AB803009F7B63 /* AppDelegate.swift */; };
		279B0ED51B8AB803009F7B63 /* RootViewController.swift in Sources */ = {isa = PBXBuildFile; fileRef = 279B0ED41B8AB803009F7B63 /* RootViewController.swift */; };
		279B0ED71B8AB803009F7B63 /* DataViewController.swift in Sources */ = {isa = PBXBuildFile; fileRef = 279B0ED61B8AB803009F7B63 /* DataViewController.swift */; };
		279B0ED91B8AB803009F7B63 /* ModelController.swift in Sources */ = {isa = PBXBuildFile; fileRef = 279B0ED81B8AB803009F7B63 /* ModelController.swift */; };
		279B0EDC1B8AB803009F7B63 /* Main.storyboard in Resources */ = {isa = PBXBuildFile; fileRef = 279B0EDA1B8AB803009F7B63 /* Main.storyboard */; };
		279B0EDE1B8AB803009F7B63 /* Images.xcassets in Resources */ = {isa = PBXBuildFile; fileRef = 279B0EDD1B8AB803009F7B63 /* Images.xcassets */; };
		279B0EE11B8AB803009F7B63 /* LaunchScreen.xib in Resources */ = {isa = PBXBuildFile; fileRef = 279B0EDF1B8AB803009F7B63 /* LaunchScreen.xib */; };
		279B0EED1B8AB803009F7B63 /* toolboxTests.swift in Sources */ = {isa = PBXBuildFile; fileRef = 279B0EEC1B8AB803009F7B63 /* toolboxTests.swift */; };
/* End PBXBuildFile section */

/* Begin PBXContainerItemProxy section */
		279B0EE71B8AB803009F7B63 /* PBXContainerItemProxy */ = {
			isa = PBXContainerItemProxy;
			containerPortal = 279B0EC51B8AB803009F7B63 /* Project object */;
			proxyType = 1;
			remoteGlobalIDString = 279B0ECC1B8AB803009F7B63;
			remoteInfo = toolbox;
		};
/* End PBXContainerItemProxy section */

/* Begin PBXFileReference section */
		279B0ECD1B8AB803009F7B63 /* toolbox.app */ = {isa = PBXFileReference; explicitFileType = wrapper.application; includeInIndex = 0; path = toolbox.app; sourceTree = BUILT_PRODUCTS_DIR; };
		279B0ED11B8AB803009F7B63 /* Info.plist */ = {isa = PBXFileReference; lastKnownFileType = text.plist.xml; path = Info.plist; sourceTree = "<group>"; };
		279B0ED21B8AB803009F7B63 /* AppDelegate.swift */ = {isa = PBXFileReference; lastKnownFileType = sourcecode.swift; path = AppDelegate.swift; sourceTree = "<group>"; };
		279B0ED41B8AB803009F7B63 /* RootViewController.swift */ = {isa = PBXFileReference; lastKnownFileType = sourcecode.swift; path = RootViewController.swift; sourceTree = "<group>"; };
		279B0ED61B8AB803009F7B63 /* DataViewController.swift */ = {isa = PBXFileReference; lastKnownFileType = sourcecode.swift; path = DataViewController.swift; sourceTree = "<group>"; };
		279B0ED81B8AB803009F7B63 /* ModelController.swift */ = {isa = PBXFileReference; lastKnownFileType = sourcecode.swift; path = ModelController.swift; sourceTree = "<group>"; };
		279B0EDB1B8AB803009F7B63 /* Base */ = {isa = PBXFileReference; lastKnownFileType = file.storyboard; name = Base; path = Base.lproj/Main.storyboard; sourceTree = "<group>"; };
		279B0EDD1B8AB803009F7B63 /* Images.xcassets */ = {isa = PBXFileReference; lastKnownFileType = folder.assetcatalog; path = Images.xcassets; sourceTree = "<group>"; };
		279B0EE01B8AB803009F7B63 /* Base */ = {isa = PBXFileReference; lastKnownFileType = file.xib; name = Base; path = Base.lproj/LaunchScreen.xib; sourceTree = "<group>"; };
		279B0EE61B8AB803009F7B63 /* toolboxTests.xctest */ = {isa = PBXFileReference; explicitFileType = wrapper.cfbundle; includeInIndex = 0; path = toolboxTests.xctest; sourceTree = BUILT_PRODUCTS_DIR; };
		279B0EEB1B8AB803009F7B63 /* Info.plist */ = {isa = PBXFileReference; lastKnownFileType = text.plist.xml; path = Info.plist; sourceTree = "<group>"; };
		279B0EEC1B8AB803009F7B63 /* toolboxTests.swift */ = {isa = PBXFileReference; lastKnownFileType = sourcecode.swift; path = toolboxTests.swift; sourceTree = "<group>"; };
/* End PBXFileReference section */

/* Begin PBXFrameworksBuildPhase section */
		279B0ECA1B8AB803009F7B63 /* Frameworks */ = {
			isa = PBXFrameworksBuildPhase;
			buildActionMask = 2147483647;
			files = (
			);
			runOnlyForDeploymentPostprocessing = 0;
		};
		279B0EE31B8AB803009F7B63 /* Frameworks */ = {
			isa = PBXFrameworksBuildPhase;
			buildActionMask = 2147483647;
			files = (
			);
			runOnlyForDeploymentPostprocessing = 0;
		};
/* End PBXFrameworksBuildPhase section */

/* Begin PBXGroup section */
		279B0EC41B8AB803009F7B63 = {
			isa = PBXGroup;
			children = (
				279B0ECF1B8AB803009F7B63 /* toolbox */,
				279B0EE91B8AB803009F7B63 /* toolboxTests */,
				279B0ECE1B8AB803009F7B63 /* Products */,
			);
			sourceTree = "<group>";
		};
		279B0ECE1B8AB803009F7B63 /* Products */ = {
			isa = PBXGroup;
			children = (
				279B0ECD1B8AB803009F7B63 /* toolbox.app */,
				279B0EE61B8AB803009F7B63 /* toolboxTests.xctest */,
			);
			name = Products;
			sourceTree = "<group>";
		};
		279B0ECF1B8AB803009F7B63 /* toolbox */ = {
			isa = PBXGroup;
			children = (
				279B0ED21B8AB803009F7B63 /* AppDelegate.swift */,
				279B0ED41B8AB803009F7B63 /* RootViewController.swift */,
				279B0ED61B8AB803009F7B63 /* DataViewController.swift */,
				279B0ED81B8AB803009F7B63 /* ModelController.swift */,
				279B0EDA1B8AB803009F7B63 /* Main.storyboard */,
				279B0EDD1B8AB803009F7B63 /* Images.xcassets */,
				279B0EDF1B8AB803009F7B63 /* LaunchScreen.xib */,
				279B0ED01B8AB803009F7B63 /* Supporting Files */,
			);
			path = toolbox;
			sourceTree = "<group>";
		};
		279B0ED01B8AB803009F7B63 /* Supporting Files */ = {
			isa = PBXGroup;
			children = (
				279B0ED11B8AB803009F7B63 /* Info.plist */,
			);
			name = "Supporting Files";
			sourceTree = "<group>";
		};
		279B0EE91B8AB803009F7B63 /* toolboxTests */ = {
			isa = PBXGroup;
			children = (
				279B0EEC1B8AB803009F7B63 /* toolboxTests.swift */,
				279B0EEA1B8AB803009F7B63 /* Supporting Files */,
			);
			path = toolboxTests;
			sourceTree = "<group>";
		};
		279B0EEA1B8AB803009F7B63 /* Supporting Files */ = {
			isa = PBXGroup;
			children = (
				279B0EEB1B8AB803009F7B63 /* Info.plist */,
			);
			name = "Supporting Files";
			sourceTree = "<group>";
		};
/* End PBXGroup section */

/* Begin PBXNativeTarget section */
		279B0ECC1B8AB803009F7B63 /* toolbox */ = {
			isa = PBXNativeTarget;
			buildConfigurationList = 279B0EF01B8AB803009F7B63 /* Build configuration list for PBXNativeTarget "toolbox" */;
			buildPhases = (
				279B0EC91B8AB803009F7B63 /* Sources */,
				279B0ECA1B8AB803009F7B63 /* Frameworks */,
				279B0ECB1B8AB803009F7B63 /* Resources */,
			);
			buildRules = (
			);
			dependencies = (
			);
			name = toolbox;
			productName = toolbox;
			productReference = 279B0ECD1B8AB803009F7B63 /* toolbox.app */;
			productType = "com.apple.product-type.application";
		};
		279B0EE51B8AB803009F7B63 /* toolboxTests */ = {
			isa = PBXNativeTarget;
			buildConfigurationList = 279B0EF31B8AB803009F7B63 /* Build configuration list for PBXNativeTarget "toolboxTests" */;
			buildPhases = (
				279B0EE21B8AB803009F7B63 /* Sources */,
				279B0EE31B8AB803009F7B63 /* Frameworks */,
				279B0EE41B8AB803009F7B63 /* Resources */,
			);
			buildRules = (
			);
			dependencies = (
				279B0EE81B8AB803009F7B63 /* PBXTargetDependency */,
			);
			name = toolboxTests;
			productName = toolboxTests;
			productReference = 279B0EE61B8AB803009F7B63 /* toolboxTests.xctest */;
			productType = "com.apple.product-type.bundle.unit-test";
		};
/* End PBXNativeTarget section */

/* Begin PBXProject section */
		279B0EC51B8AB803009F7B63 /* Project object */ = {
			isa = PBXProject;
			attributes = {
				LastUpgradeCheck = 0640;
				ORGANIZATIONNAME = "Layer 7 Solutions";
				TargetAttributes = {
					279B0ECC1B8AB803009F7B63 = {
						CreatedOnToolsVersion = 6.4;
					};
					279B0EE51B8AB803009F7B63 = {
						CreatedOnToolsVersion = 6.4;
						TestTargetID = 279B0ECC1B8AB803009F7B63;
					};
				};
			};
			buildConfigurationList = 279B0EC81B8AB803009F7B63 /* Build configuration list for PBXProject "toolbox" */;
			compatibilityVersion = "Xcode 3.2";
			developmentRegion = English;
			hasScannedForEncodings = 0;
			knownRegions = (
				en,
				Base,
			);
			mainGroup = 279B0EC41B8AB803009F7B63;
			productRefGroup = 279B0ECE1B8AB803009F7B63 /* Products */;
			projectDirPath = "";
			projectRoot = "";
			targets = (
				279B0ECC1B8AB803009F7B63 /* toolbox */,
				279B0EE51B8AB803009F7B63 /* toolboxTests */,
			);
		};
/* End PBXProject section */

/* Begin PBXResourcesBuildPhase section */
		279B0ECB1B8AB803009F7B63 /* Resources */ = {
			isa = PBXResourcesBuildPhase;
			buildActionMask = 2147483647;
			files = (
				279B0EDC1B8AB803009F7B63 /* Main.storyboard in Resources */,
				279B0EE11B8AB803009F7B63 /* LaunchScreen.xib in Resources */,
				279B0EDE1B8AB803009F7B63 /* Images.xcassets in Resources */,
			);
			runOnlyForDeploymentPostprocessing = 0;
		};
		279B0EE41B8AB803009F7B63 /* Resources */ = {
			isa = PBXResourcesBuildPhase;
			buildActionMask = 2147483647;
			files = (
			);
			runOnlyForDeploymentPostprocessing = 0;
		};
/* End PBXResourcesBuildPhase section */

/* Begin PBXSourcesBuildPhase section */
		279B0EC91B8AB803009F7B63 /* Sources */ = {
			isa = PBXSourcesBuildPhase;
			buildActionMask = 2147483647;
			files = (
				279B0ED51B8AB803009F7B63 /* RootViewController.swift in Sources */,
				279B0ED91B8AB803009F7B63 /* ModelController.swift in Sources */,
				279B0ED71B8AB803009F7B63 /* DataViewController.swift in Sources */,
				279B0ED31B8AB803009F7B63 /* AppDelegate.swift in Sources */,
			);
			runOnlyForDeploymentPostprocessing = 0;
		};
		279B0EE21B8AB803009F7B63 /* Sources */ = {
			isa = PBXSourcesBuildPhase;
			buildActionMask = 2147483647;
			files = (
				279B0EED1B8AB803009F7B63 /* toolboxTests.swift in Sources */,
			);
			runOnlyForDeploymentPostprocessing = 0;
		};
/* End PBXSourcesBuildPhase section */

/* Begin PBXTargetDependency section */
		279B0EE81B8AB803009F7B63 /* PBXTargetDependency */ = {
			isa = PBXTargetDependency;
			target = 279B0ECC1B8AB803009F7B63 /* toolbox */;
			targetProxy = 279B0EE71B8AB803009F7B63 /* PBXContainerItemProxy */;
		};
/* End PBXTargetDependency section */

/* Begin PBXVariantGroup section */
		279B0EDA1B8AB803009F7B63 /* Main.storyboard */ = {
			isa = PBXVariantGroup;
			children = (
				279B0EDB1B8AB803009F7B63 /* Base */,
			);
			name = Main.storyboard;
			sourceTree = "<group>";
		};
		279B0EDF1B8AB803009F7B63 /* LaunchScreen.xib */ = {
			isa = PBXVariantGroup;
			children = (
				279B0EE01B8AB803009F7B63 /* Base */,
			);
			name = LaunchScreen.xib;
			sourceTree = "<group>";
		};
/* End PBXVariantGroup section */

/* Begin XCBuildConfiguration section */
		279B0EEE1B8AB803009F7B63 /* Debug */ = {
			isa = XCBuildConfiguration;
			buildSettings = {
				ALWAYS_SEARCH_USER_PATHS = NO;
				CLANG_CXX_LANGUAGE_STANDARD = "gnu++0x";
				CLANG_CXX_LIBRARY = "libc++";
				CLANG_ENABLE_MODULES = YES;
				CLANG_ENABLE_OBJC_ARC = YES;
				CLANG_WARN_BOOL_CONVERSION = YES;
				CLANG_WARN_CONSTANT_CONVERSION = YES;
				CLANG_WARN_DIRECT_OBJC_ISA_USAGE = YES_ERROR;
				CLANG_WARN_EMPTY_BODY = YES;
				CLANG_WARN_ENUM_CONVERSION = YES;
				CLANG_WARN_INT_CONVERSION = YES;
				CLANG_WARN_OBJC_ROOT_CLASS = YES_ERROR;
				CLANG_WARN_UNREACHABLE_CODE = YES;
				CLANG_WARN__DUPLICATE_METHOD_MATCH = YES;
				"CODE_SIGN_IDENTITY[sdk=iphoneos*]" = "iPhone Developer";
				COPY_PHASE_STRIP = NO;
				DEBUG_INFORMATION_FORMAT = "dwarf-with-dsym";
				ENABLE_STRICT_OBJC_MSGSEND = YES;
				GCC_C_LANGUAGE_STANDARD = gnu99;
				GCC_DYNAMIC_NO_PIC = NO;
				GCC_NO_COMMON_BLOCKS = YES;
				GCC_OPTIMIZATION_LEVEL = 0;
				GCC_PREPROCESSOR_DEFINITIONS = (
					"DEBUG=1",
					"$(inherited)",
				);
				GCC_SYMBOLS_PRIVATE_EXTERN = NO;
				GCC_WARN_64_TO_32_BIT_CONVERSION = YES;
				GCC_WARN_ABOUT_RETURN_TYPE = YES_ERROR;
				GCC_WARN_UNDECLARED_SELECTOR = YES;
				GCC_WARN_UNINITIALIZED_AUTOS = YES_AGGRESSIVE;
				GCC_WARN_UNUSED_FUNCTION = YES;
				GCC_WARN_UNUSED_VARIABLE = YES;
				IPHONEOS_DEPLOYMENT_TARGET = 8.4;
				MTL_ENABLE_DEBUG_INFO = YES;
				ONLY_ACTIVE_ARCH = YES;
				SDKROOT = iphoneos;
				SWIFT_OPTIMIZATION_LEVEL = "-Onone";
				TARGETED_DEVICE_FAMILY = "1,2";
			};
			name = Debug;
		};
		279B0EEF1B8AB803009F7B63 /* Release */ = {
			isa = XCBuildConfiguration;
			buildSettings = {
				ALWAYS_SEARCH_USER_PATHS = NO;
				CLANG_CXX_LANGUAGE_STANDARD = "gnu++0x";
				CLANG_CXX_LIBRARY = "libc++";
				CLANG_ENABLE_MODULES = YES;
				CLANG_ENABLE_OBJC_ARC = YES;
				CLANG_WARN_BOOL_CONVERSION = YES;
				CLANG_WARN_CONSTANT_CONVERSION = YES;
				CLANG_WARN_DIRECT_OBJC_ISA_USAGE = YES_ERROR;
				CLANG_WARN_EMPTY_BODY = YES;
				CLANG_WARN_ENUM_CONVERSION = YES;
				CLANG_WARN_INT_CONVERSION = YES;
				CLANG_WARN_OBJC_ROOT_CLASS = YES_ERROR;
				CLANG_WARN_UNREACHABLE_CODE = YES;
				CLANG_WARN__DUPLICATE_METHOD_MATCH = YES;
				"CODE_SIGN_IDENTITY[sdk=iphoneos*]" = "iPhone Developer";
				COPY_PHASE_STRIP = NO;
				DEBUG_INFORMATION_FORMAT = "dwarf-with-dsym";
				ENABLE_NS_ASSERTIONS = NO;
				ENABLE_STRICT_OBJC_MSGSEND = YES;
				GCC_C_LANGUAGE_STANDARD = gnu99;
				GCC_NO_COMMON_BLOCKS = YES;
				GCC_WARN_64_TO_32_BIT_CONVERSION = YES;
				GCC_WARN_ABOUT_RETURN_TYPE = YES_ERROR;
				GCC_WARN_UNDECLARED_SELECTOR = YES;
				GCC_WARN_UNINITIALIZED_AUTOS = YES_AGGRESSIVE;
				GCC_WARN_UNUSED_FUNCTION = YES;
				GCC_WARN_UNUSED_VARIABLE = YES;
				IPHONEOS_DEPLOYMENT_TARGET = 8.4;
				MTL_ENABLE_DEBUG_INFO = NO;
				SDKROOT = iphoneos;
				TARGETED_DEVICE_FAMILY = "1,2";
				VALIDATE_PRODUCT = YES;
			};
			name = Release;
		};
		279B0EF11B8AB803009F7B63 /* Debug */ = {
			isa = XCBuildConfiguration;
			buildSettings = {
				ASSETCATALOG_COMPILER_APPICON_NAME = AppIcon;
				INFOPLIST_FILE = toolbox/Info.plist;
				LD_RUNPATH_SEARCH_PATHS = "$(inherited) @executable_path/Frameworks";
				PRODUCT_NAME = "$(TARGET_NAME)";
			};
			name = Debug;
		};
		279B0EF21B8AB803009F7B63 /* Release */ = {
			isa = XCBuildConfiguration;
			buildSettings = {
				ASSETCATALOG_COMPILER_APPICON_NAME = AppIcon;
				INFOPLIST_FILE = toolbox/Info.plist;
				LD_RUNPATH_SEARCH_PATHS = "$(inherited) @executable_path/Frameworks";
				PRODUCT_NAME = "$(TARGET_NAME)";
			};
			name = Release;
		};
		279B0EF41B8AB803009F7B63 /* Debug */ = {
			isa = XCBuildConfiguration;
			buildSettings = {
				BUNDLE_LOADER = "$(TEST_HOST)";
				FRAMEWORK_SEARCH_PATHS = (
					"$(SDKROOT)/Developer/Library/Frameworks",
					"$(inherited)",
				);
				GCC_PREPROCESSOR_DEFINITIONS = (
					"DEBUG=1",
					"$(inherited)",
				);
				INFOPLIST_FILE = toolboxTests/Info.plist;
				LD_RUNPATH_SEARCH_PATHS = "$(inherited) @executable_path/Frameworks @loader_path/Frameworks";
				PRODUCT_NAME = "$(TARGET_NAME)";
				TEST_HOST = "$(BUILT_PRODUCTS_DIR)/toolbox.app/toolbox";
			};
			name = Debug;
		};
		279B0EF51B8AB803009F7B63 /* Release */ = {
			isa = XCBuildConfiguration;
			buildSettings = {
				BUNDLE_LOADER = "$(TEST_HOST)";
				FRAMEWORK_SEARCH_PATHS = (
					"$(SDKROOT)/Developer/Library/Frameworks",
					"$(inherited)",
				);
				INFOPLIST_FILE = toolboxTests/Info.plist;
				LD_RUNPATH_SEARCH_PATHS = "$(inherited) @executable_path/Frameworks @loader_path/Frameworks";
				PRODUCT_NAME = "$(TARGET_NAME)";
				TEST_HOST = "$(BUILT_PRODUCTS_DIR)/toolbox.app/toolbox";
			};
			name = Release;
		};
/* End XCBuildConfiguration section */

/* Begin XCConfigurationList section */
		279B0EC81B8AB803009F7B63 /* Build configuration list for PBXProject "toolbox" */ = {
			isa = XCConfigurationList;
			buildConfigurations = (
				279B0EEE1B8AB803009F7B63 /* Debug */,
				279B0EEF1B8AB803009F7B63 /* Release */,
			);
			defaultConfigurationIsVisible = 0;
			defaultConfigurationName = Release;
		};
		279B0EF01B8AB803009F7B63 /* Build configuration list for PBXNativeTarget "toolbox" */ = {
			isa = XCConfigurationList;
			buildConfigurations = (
				279B0EF11B8AB803009F7B63 /* Debug */,
				279B0EF21B8AB803009F7B63 /* Release */,
			);
			defaultConfigurationIsVisible = 0;
		};
		279B0EF31B8AB803009F7B63 /* Build configuration list for PBXNativeTarget "toolboxTests" */ = {
			isa = XCConfigurationList;
			buildConfigurations = (
				279B0EF41B8AB803009F7B63 /* Debug */,
				279B0EF51B8AB803009F7B63 /* Release */,
			);
			defaultConfigurationIsVisible = 0;
		};
/* End XCConfigurationList section */
	};
	rootObject = 279B0EC51B8AB803009F7B63 /* Project object */;
}
